
Microsoft Visual Studio Solution File, Format Version 12.00
# Visual Studio 14
VisualStudioVersion = 14.0.25420.1
MinimumVisualStudioVersion = 10.0.40219.1
Project("{FAE04EC0-301F-11D3-BF4B-00C04F79EFBC}") = "IDP_POC", "IDP_POC\IDP_POC.csproj", "{3BC4768E-C526-4F41-9F4A-9B31FAB60DDA}"
EndProject
Project("{FAE04EC0-301F-11D3-BF4B-00C04F79EFBC}") = "UI.RegressionTests", "UI.RegressionTests\UI.RegressionTests.csproj", "{4CDD1C22-863E-45B9-9DB6-A13AAEFD4244}"
EndProject
Global
	GlobalSection(SolutionConfigurationPlatforms) = preSolution
		Debug|Any CPU = Debug|Any CPU
		Release|Any CPU = Release|Any CPU
	EndGlobalSection
	GlobalSection(ProjectConfigurationPlatforms) = postSolution
		{3BC4768E-C526-4F41-9F4A-9B31FAB60DDA}.Debug|Any CPU.ActiveCfg = Debug|Any CPU
		{3BC4768E-C526-4F41-9F4A-9B31FAB60DDA}.Debug|Any CPU.Build.0 = Debug|Any CPU
		{3BC4768E-C526-4F41-9F4A-9B31FAB60DDA}.Release|Any CPU.ActiveCfg = Release|Any CPU
		{3BC4768E-C526-4F41-9F4A-9B31FAB60DDA}.Release|Any CPU.Build.0 = Release|Any CPU
		{4CDD1C22-863E-45B9-9DB6-A13AAEFD4244}.Debug|Any CPU.ActiveCfg = Debug|Any CPU
		{4CDD1C22-863E-45B9-9DB6-A13AAEFD4244}.Debug|Any CPU.Build.0 = Debug|Any CPU
		{4CDD1C22-863E-45B9-9DB6-A13AAEFD4244}.Release|Any CPU.ActiveCfg = Release|Any CPU
		{4CDD1C22-863E-45B9-9DB6-A13AAEFD4244}.Release|Any CPU.Build.0 = Release|Any CPU
	EndGlobalSection
	GlobalSection(SolutionProperties) = preSolution
		HideSolutionNode = FALSE
	EndGlobalSection
EndGlobal
